
Microsoft Visual Studio Solution File, Format Version 12.00
# Visual Studio Version 16
VisualStudioVersion = 16.0.30611.23
MinimumVisualStudioVersion = 10.0.40219.1
Project("{2150E333-8FDC-42A3-9474-1A3956D46DE8}") = "Application", "Application", "{46CFEED9-DBB8-46CF-A023-F2162B755C8D}"
EndProject
Project("{2150E333-8FDC-42A3-9474-1A3956D46DE8}") = "Infrastructure", "Infrastructure", "{983AB59C-81F0-4EEF-A9B8-746F12F89BC5}"
EndProject
Project("{2150E333-8FDC-42A3-9474-1A3956D46DE8}") = "Presentation", "Presentation", "{FB31BF37-E7D9-4C2C-ADB2-5B55D38649AB}"
EndProject
Project("{9A19103F-16F7-4668-BE54-9A1E7A4F7556}") = "Gymate.Application", "Gymate.Application\Gymate.Application.csproj", "{8C0AF9EC-8537-4865-9C86-1F7DF933173F}"
EndProject
Project("{9A19103F-16F7-4668-BE54-9A1E7A4F7556}") = "Gymate.Infrastructure", "Gymate.Infrastructure\Gymate.Infrastructure.csproj", "{ACC4A62D-1B36-422B-B58A-AD0114A1BF9B}"
EndProject
Project("{9A19103F-16F7-4668-BE54-9A1E7A4F7556}") = "Gymate.Api", "GymateApi.Api\Gymate.Api.csproj", "{8DCAFC67-F777-48EA-8F87-0CD198DF7612}"
EndProject
Project("{2150E333-8FDC-42A3-9474-1A3956D46DE8}") = "src", "src", "{7A468B35-E162-417E-9F53-214CCD2AE9AA}"
EndProject
Project("{2150E333-8FDC-42A3-9474-1A3956D46DE8}") = "Solution Items", "Solution Items", "{98310A81-D6BE-4F24-B149-4DFCB3329FC5}"
	ProjectSection(SolutionItems) = preProject
		.editorconfig = .editorconfig
	EndProjectSection
EndProject
Project("{9A19103F-16F7-4668-BE54-9A1E7A4F7556}") = "Gymate.Entity", "Gymate.Entity\Gymate.Entity.csproj", "{8E68EDEC-5B1B-4FDF-9242-C5AAC57AF272}"
EndProject
Project("{2150E333-8FDC-42A3-9474-1A3956D46DE8}") = "Domain", "Domain", "{23C053CA-9169-4815-AF59-1C3B24CCC089}"
EndProject
Project("{FAE04EC0-301F-11D3-BF4B-00C04F79EFBC}") = "Gymate.Domain", "Gymate.Domain\Gymate.Domain.csproj", "{450BEC0D-1071-431A-AA14-36257464629A}"
EndProject
Global
	GlobalSection(SolutionConfigurationPlatforms) = preSolution
		Debug|Any CPU = Debug|Any CPU
		Release|Any CPU = Release|Any CPU
	EndGlobalSection
	GlobalSection(ProjectConfigurationPlatforms) = postSolution
		{8C0AF9EC-8537-4865-9C86-1F7DF933173F}.Debug|Any CPU.ActiveCfg = Debug|Any CPU
		{8C0AF9EC-8537-4865-9C86-1F7DF933173F}.Debug|Any CPU.Build.0 = Debug|Any CPU
		{8C0AF9EC-8537-4865-9C86-1F7DF933173F}.Release|Any CPU.ActiveCfg = Release|Any CPU
		{8C0AF9EC-8537-4865-9C86-1F7DF933173F}.Release|Any CPU.Build.0 = Release|Any CPU
		{ACC4A62D-1B36-422B-B58A-AD0114A1BF9B}.Debug|Any CPU.ActiveCfg = Debug|Any CPU
		{ACC4A62D-1B36-422B-B58A-AD0114A1BF9B}.Debug|Any CPU.Build.0 = Debug|Any CPU
		{ACC4A62D-1B36-422B-B58A-AD0114A1BF9B}.Release|Any CPU.ActiveCfg = Release|Any CPU
		{ACC4A62D-1B36-422B-B58A-AD0114A1BF9B}.Release|Any CPU.Build.0 = Release|Any CPU
		{8DCAFC67-F777-48EA-8F87-0CD198DF7612}.Debug|Any CPU.ActiveCfg = Debug|Any CPU
		{8DCAFC67-F777-48EA-8F87-0CD198DF7612}.Debug|Any CPU.Build.0 = Debug|Any CPU
		{8DCAFC67-F777-48EA-8F87-0CD198DF7612}.Release|Any CPU.ActiveCfg = Release|Any CPU
		{8DCAFC67-F777-48EA-8F87-0CD198DF7612}.Release|Any CPU.Build.0 = Release|Any CPU
		{8E68EDEC-5B1B-4FDF-9242-C5AAC57AF272}.Debug|Any CPU.ActiveCfg = Debug|Any CPU
		{8E68EDEC-5B1B-4FDF-9242-C5AAC57AF272}.Debug|Any CPU.Build.0 = Debug|Any CPU
		{8E68EDEC-5B1B-4FDF-9242-C5AAC57AF272}.Release|Any CPU.ActiveCfg = Release|Any CPU
		{8E68EDEC-5B1B-4FDF-9242-C5AAC57AF272}.Release|Any CPU.Build.0 = Release|Any CPU
		{450BEC0D-1071-431A-AA14-36257464629A}.Debug|Any CPU.ActiveCfg = Debug|Any CPU
		{450BEC0D-1071-431A-AA14-36257464629A}.Debug|Any CPU.Build.0 = Debug|Any CPU
		{450BEC0D-1071-431A-AA14-36257464629A}.Release|Any CPU.ActiveCfg = Release|Any CPU
		{450BEC0D-1071-431A-AA14-36257464629A}.Release|Any CPU.Build.0 = Release|Any CPU
	EndGlobalSection
	GlobalSection(SolutionProperties) = preSolution
		HideSolutionNode = FALSE
	EndGlobalSection
	GlobalSection(NestedProjects) = preSolution
		{46CFEED9-DBB8-46CF-A023-F2162B755C8D} = {7A468B35-E162-417E-9F53-214CCD2AE9AA}
		{983AB59C-81F0-4EEF-A9B8-746F12F89BC5} = {7A468B35-E162-417E-9F53-214CCD2AE9AA}
		{FB31BF37-E7D9-4C2C-ADB2-5B55D38649AB} = {7A468B35-E162-417E-9F53-214CCD2AE9AA}
		{8C0AF9EC-8537-4865-9C86-1F7DF933173F} = {46CFEED9-DBB8-46CF-A023-F2162B755C8D}
		{ACC4A62D-1B36-422B-B58A-AD0114A1BF9B} = {983AB59C-81F0-4EEF-A9B8-746F12F89BC5}
		{8DCAFC67-F777-48EA-8F87-0CD198DF7612} = {FB31BF37-E7D9-4C2C-ADB2-5B55D38649AB}
		{8E68EDEC-5B1B-4FDF-9242-C5AAC57AF272} = {983AB59C-81F0-4EEF-A9B8-746F12F89BC5}
		{23C053CA-9169-4815-AF59-1C3B24CCC089} = {7A468B35-E162-417E-9F53-214CCD2AE9AA}
		{450BEC0D-1071-431A-AA14-36257464629A} = {23C053CA-9169-4815-AF59-1C3B24CCC089}
	EndGlobalSection
	GlobalSection(ExtensibilityGlobals) = postSolution
		SolutionGuid = {82E28CFB-575D-4D51-8016-7ED70F8DFA40}
	EndGlobalSection
EndGlobal
